
Microsoft Visual Studio Solution File, Format Version 12.00
# Visual Studio Version 16
VisualStudioVersion = 16.0.31105.61
MinimumVisualStudioVersion = 10.0.40219.1
Project("{FAE04EC0-301F-11D3-BF4B-00C04F79EFBC}") = "MusicPlayer", "MusicPlayer\MusicPlayer.csproj", "{9D16A826-CC45-4626-9D72-1C1BB543D7F0}"
EndProject
Global
	GlobalSection(SolutionConfigurationPlatforms) = preSolution
		Debug|Any CPU = Debug|Any CPU
		Release|Any CPU = Release|Any CPU
	EndGlobalSection
	GlobalSection(ProjectConfigurationPlatforms) = postSolution
		{9D16A826-CC45-4626-9D72-1C1BB543D7F0}.Debug|Any CPU.ActiveCfg = Debug|Any CPU
		{9D16A826-CC45-4626-9D72-1C1BB543D7F0}.Debug|Any CPU.Build.0 = Debug|Any CPU
		{9D16A826-CC45-4626-9D72-1C1BB543D7F0}.Release|Any CPU.ActiveCfg = Release|Any CPU
		{9D16A826-CC45-4626-9D72-1C1BB543D7F0}.Release|Any CPU.Build.0 = Release|Any CPU
	EndGlobalSection
	GlobalSection(SolutionProperties) = preSolution
		HideSolutionNode = FALSE
	EndGlobalSection
	GlobalSection(ExtensibilityGlobals) = postSolution
		SolutionGuid = {1EAF6449-2227-4FB4-8E2C-6376EB4B0DEF}
	EndGlobalSection
EndGlobal
